
Microsoft Visual Studio Solution File, Format Version 12.00
# Visual Studio Version 17
VisualStudioVersion = 17.14.36915.13
MinimumVisualStudioVersion = 10.0.40219.1
Project("{FAE04EC0-301F-11D3-BF4B-00C04F79EFBC}") = "SV22T1020678.Admin", "SV22T1020678.Admin\SV22T1020678.Admin.csproj", "{D4EECF5F-BC0C-4D20-9A23-D8C20F99E425}"
EndProject
Project("{FAE04EC0-301F-11D3-BF4B-00C04F79EFBC}") = "SV22T1020678.Shop", "SV22T1020678.Shop\SV22T1020678.Shop.csproj", "{574B5715-F42E-4BF2-A911-260C430DF780}"
EndProject
Project("{FAE04EC0-301F-11D3-BF4B-00C04F79EFBC}") = "SV22T1020678.Models", "SV22T1020678.Models\SV22T1020678.Models.csproj", "{58FA34F3-C91D-47F9-8609-1A26315A39E5}"
EndProject
Project("{FAE04EC0-301F-11D3-BF4B-00C04F79EFBC}") = "SV22T1020678.DataLayers", "SV22T1020678.DataLayers\SV22T1020678.DataLayers.csproj", "{D55D1D93-183D-4353-9834-DE0449178B3F}"
EndProject
Project("{FAE04EC0-301F-11D3-BF4B-00C04F79EFBC}") = "SV22T1020678.BusinessLayers", "SV22T1020678.BusinessLayers\SV22T1020678.BusinessLayers.csproj", "{C27E56EC-E1C0-417F-AFDD-44ED3B02FC3B}"
EndProject
Project("{2150E333-8FDC-42A3-9474-1A3956D46DE8}") = "Libraries", "Libraries", "{02EA681E-C7D8-13C7-8484-4AC65E1B71E8}"
EndProject
Project("{2150E333-8FDC-42A3-9474-1A3956D46DE8}") = "Applications", "Applications", "{F458CFF4-00DD-4BB3-8545-998440E0FFE7}"
EndProject
Project("{2150E333-8FDC-42A3-9474-1A3956D46DE8}") = "Notes", "Notes", "{951B183E-BD94-4A50-BD79-5D52E8C735A1}"
	ProjectSection(SolutionItems) = preProject
		Log.txt = Log.txt
	EndProjectSection
EndProject
Project("{2150E333-8FDC-42A3-9474-1A3956D46DE8}") = "Uploads", "Uploads", "{4B61AEB8-4684-43E0-8E34-DDC4EFDA5557}"
EndProject
Global
	GlobalSection(SolutionConfigurationPlatforms) = preSolution
		Debug|Any CPU = Debug|Any CPU
		Release|Any CPU = Release|Any CPU
	EndGlobalSection
	GlobalSection(ProjectConfigurationPlatforms) = postSolution
		{D4EECF5F-BC0C-4D20-9A23-D8C20F99E425}.Debug|Any CPU.ActiveCfg = Debug|Any CPU
		{D4EECF5F-BC0C-4D20-9A23-D8C20F99E425}.Debug|Any CPU.Build.0 = Debug|Any CPU
		{D4EECF5F-BC0C-4D20-9A23-D8C20F99E425}.Release|Any CPU.ActiveCfg = Release|Any CPU
		{D4EECF5F-BC0C-4D20-9A23-D8C20F99E425}.Release|Any CPU.Build.0 = Release|Any CPU
		{574B5715-F42E-4BF2-A911-260C430DF780}.Debug|Any CPU.ActiveCfg = Debug|Any CPU
		{574B5715-F42E-4BF2-A911-260C430DF780}.Debug|Any CPU.Build.0 = Debug|Any CPU
		{574B5715-F42E-4BF2-A911-260C430DF780}.Release|Any CPU.ActiveCfg = Release|Any CPU
		{574B5715-F42E-4BF2-A911-260C430DF780}.Release|Any CPU.Build.0 = Release|Any CPU
		{58FA34F3-C91D-47F9-8609-1A26315A39E5}.Debug|Any CPU.ActiveCfg = Debug|Any CPU
		{58FA34F3-C91D-47F9-8609-1A26315A39E5}.Debug|Any CPU.Build.0 = Debug|Any CPU
		{58FA34F3-C91D-47F9-8609-1A26315A39E5}.Release|Any CPU.ActiveCfg = Release|Any CPU
		{58FA34F3-C91D-47F9-8609-1A26315A39E5}.Release|Any CPU.Build.0 = Release|Any CPU
		{D55D1D93-183D-4353-9834-DE0449178B3F}.Debug|Any CPU.ActiveCfg = Debug|Any CPU
		{D55D1D93-183D-4353-9834-DE0449178B3F}.Debug|Any CPU.Build.0 = Debug|Any CPU
		{D55D1D93-183D-4353-9834-DE0449178B3F}.Release|Any CPU.ActiveCfg = Release|Any CPU
		{D55D1D93-183D-4353-9834-DE0449178B3F}.Release|Any CPU.Build.0 = Release|Any CPU
		{C27E56EC-E1C0-417F-AFDD-44ED3B02FC3B}.Debug|Any CPU.ActiveCfg = Debug|Any CPU
		{C27E56EC-E1C0-417F-AFDD-44ED3B02FC3B}.Debug|Any CPU.Build.0 = Debug|Any CPU
		{C27E56EC-E1C0-417F-AFDD-44ED3B02FC3B}.Release|Any CPU.ActiveCfg = Release|Any CPU
		{C27E56EC-E1C0-417F-AFDD-44ED3B02FC3B}.Release|Any CPU.Build.0 = Release|Any CPU
	EndGlobalSection
	GlobalSection(SolutionProperties) = preSolution
		HideSolutionNode = FALSE
	EndGlobalSection
	GlobalSection(NestedProjects) = preSolution
		{D4EECF5F-BC0C-4D20-9A23-D8C20F99E425} = {F458CFF4-00DD-4BB3-8545-998440E0FFE7}
		{574B5715-F42E-4BF2-A911-260C430DF780} = {F458CFF4-00DD-4BB3-8545-998440E0FFE7}
		{58FA34F3-C91D-47F9-8609-1A26315A39E5} = {02EA681E-C7D8-13C7-8484-4AC65E1B71E8}
		{D55D1D93-183D-4353-9834-DE0449178B3F} = {02EA681E-C7D8-13C7-8484-4AC65E1B71E8}
		{C27E56EC-E1C0-417F-AFDD-44ED3B02FC3B} = {02EA681E-C7D8-13C7-8484-4AC65E1B71E8}
	EndGlobalSection
	GlobalSection(ExtensibilityGlobals) = postSolution
		SolutionGuid = {5FB19422-5076-4EA9-86AB-CCC9D6B7954A}
	EndGlobalSection
EndGlobal
